version = 1
revision = 3
requires-python = ">=3.13"

[[package]]
name = "cfg"
version = "0.1.0"
source = { virtual = "." }
dependencies = [
    { name = "hypothesis" },
    { name = "lark-parser" },
]

[package.metadata]
requires-dist = [
    { name = "hypothesis", specifier = ">=6.155.0" },
    { name = "lark-parser", specifier = ">=0.12.0" },
]

[[package]]
name = "hypothesis"
version = "6.155.0"
source = { registry = "https://pypi.org/simple" }
dependencies = [
    { name = "sortedcontainers" },
]
sdist = { url = "https://files.pythonhosted.org/packages/86/7d/9569717766867495510712eba388f7ca0633549f9ff4d3c34398b919e5b4/hypothesis-6.155.0.tar.gz", hash = "sha256:cf09ac913b60b49750585a53152704468de666f35c9c29f8e61d82a01f64bbb5", size = 476704, upload-time = "2026-05-28T15:43:24.193Z" }
wheels = [
    { url = "https://files.pythonhosted.org/packages/53/f8/31a6a6646c5b76b9746454318989340cea0290ba34e0f3ccd0668ce67868/hypothesis-6.155.0-py3-none-any.whl", hash = "sha256:d6ffa3062afabaf908491be707c60843f6671f7c3e9f2ed249d5827207ebbf33", size = 543120, upload-time = "2026-05-28T15:43:21.855Z" },
]

[[package]]
name = "lark-parser"
version = "0.12.0"
source = { registry = "https://pypi.org/simple" }
sdist = { url = "https://files.pythonhosted.org/packages/5a/ee/fd1192d7724419ddfe15b6f17d1c8742800d4de917c0adac3b6aaf22e921/lark-parser-0.12.0.tar.gz", hash = "sha256:15967db1f1214013dca65b1180745047b9be457d73da224fcda3d9dd4e96a138", size = 235029, upload-time = "2021-08-30T09:14:44.484Z" }
wheels = [
    { url = "https://files.pythonhosted.org/packages/76/00/90f05db333fe1aa6b6ffea83a35425b7d53ea95c8bba0b1597f226cf1d5f/lark_parser-0.12.0-py2.py3-none-any.whl", hash = "sha256:0eaf30cb5ba787fe404d73a7d6e61df97b21d5a63ac26c5008c78a494373c675", size = 103498, upload-time = "2021-08-30T13:01:01.603Z" },
]

[[package]]
name = "sortedcontainers"
version = "2.4.0"
source = { registry = "https://pypi.org/simple" }
sdist = { url = "https://files.pythonhosted.org/packages/e8/c4/ba2f8066cceb6f23394729afe52f3bf7adec04bf9ed2c820b39e19299111/sortedcontainers-2.4.0.tar.gz", hash = "sha256:25caa5a06cc30b6b83d11423433f65d1f9d76c4c6a0c90e3379eaa43b9bfdb88", size = 30594, upload-time = "2021-05-16T22:03:42.897Z" }
wheels = [
    { url = "https://files.pythonhosted.org/packages/32/46/9cb0e58b2deb7f82b84065f37f3bffeb12413f947f9388e4cac22c4621ce/sortedcontainers-2.4.0-py2.py3-none-any.whl", hash = "sha256:a163dcaede0f1c021485e957a39245190e74249897e2ae4b2aa38595db237ee0", size = 29575, upload-time = "2021-05-16T22:03:41.177Z" },
]
